[[package]]
name = "atomicwrites"
version = "1.4.1"
description = "Atomic file writes."
category = "main"
optional = false
python-versions = ">=2.7, !=3.0.*, !=3.1.*, !=3.2.*, !=3.3.*"

[[package]]
name = "attrs"
version = "21.4.0"
description = "Classes Without Boilerplate"
category = "main"
optional = false
python-versions = ">=2.7, !=3.0.*, !=3.1.*, !=3.2.*, !=3.3.*, !=3.4.*"

[package.extras]
dev = ["coverage[toml] (>=5.0.2)", "hypothesis", "pympler", "pytest (>=4.3.0)", "six", "mypy", "pytest-mypy-plugins", "zope.interface", "furo", "sphinx", "sphinx-notfound-page", "pre-commit", "cloudpickle"]
docs = ["furo", "sphinx", "zope.interface", "sphinx-notfound-page"]
tests = ["coverage[toml] (>=5.0.2)", "hypothesis", "pympler", "pytest (>=4.3.0)", "six", "mypy", "pytest-mypy-plugins", "zope.interface", "cloudpickle"]
tests_no_zope = ["coverage[toml] (>=5.0.2)", "hypothesis", "pympler", "pytest (>=4.3.0)", "six", "mypy", "pytest-mypy-plugins", "cloudpickle"]

[[package]]
name = "bidict"
version = "0.21.4"
description = "The bidirectional mapping library for Python."
category = "main"
optional = false
python-versions = ">=3.6"

[[package]]
name = "bitarray"
version = "2.6.0"
description = "efficient arrays of booleans -- C extension"
category = "main"
optional = false
python-versions = "*"

[[package]]
name = "colorama"
version = "0.4.5"
description = "Cross-platform colored terminal text."
category = "main"
optional = false
python-versions = ">=2.7, !=3.0.*, !=3.1.*, !=3.2.*, !=3.3.*, !=3.4.*"

[[package]]
name = "dill"
version = "0.3.5.1"
description = "serialize all of python"
category = "dev"
optional = false
python-versions = ">=2.7, !=3.0.*, !=3.1.*, !=3.2.*, !=3.3.*, !=3.4.*, !=3.5.*, !=3.6.*"

[package.extras]
graph = ["objgraph (>=1.7.2)"]

[[package]]
name = "exceptiongroup"
version = "1.0.0rc9"
description = "Backport of PEP 654 (exception groups)"
category = "dev"
optional = false
python-versions = ">=3.7"

[package.extras]
test = ["pytest (>=6)"]

[[package]]
name = "execnet"
version = "1.9.0"
description = "execnet: rapid multi-Python deployment"
category = "main"
optional = false
python-versions = ">=2.7, !=3.0.*, !=3.1.*, !=3.2.*, !=3.3.*, !=3.4.*"

[package.extras]
testing = ["pre-commit"]

[[package]]
name = "flake8"
version = "5.0.4"
description = "the modular source code checker: pep8 pyflakes and co"
category = "dev"
optional = false
python-versions = ">=3.6.1"

[package.dependencies]
mccabe = ">=0.7.0,<0.8.0"
pycodestyle = ">=2.9.0,<2.10.0"
pyflakes = ">=2.5.0,<2.6.0"

[[package]]
name = "funcy"
version = "1.17"
description = "A fancy and practical functional tools"
category = "main"
optional = false
python-versions = "*"

[[package]]
name = "hypothesis"
version = "6.54.6"
description = "A library for property-based testing"
category = "dev"
optional = false
python-versions = ">=3.7"

[package.dependencies]
attrs = ">=19.2.0"
exceptiongroup = {version = ">=1.0.0rc8", markers = "python_version < \"3.11\""}
sortedcontainers = ">=2.1.0,<3.0.0"

[package.extras]
all = ["black (>=19.10b0)", "click (>=7.0)", "django (>=3.2)", "dpcontracts (>=0.4)", "lark-parser (>=0.6.5)", "libcst (>=0.3.16)", "numpy (>=1.9.0)", "pandas (>=1.0)", "pytest (>=4.6)", "python-dateutil (>=1.4)", "pytz (>=2014.1)", "redis (>=3.0.0)", "rich (>=9.0.0)", "importlib-metadata (>=3.6)", "backports.zoneinfo (>=0.2.1)", "tzdata (>=2022.2)"]
cli = ["click (>=7.0)", "black (>=19.10b0)", "rich (>=9.0.0)"]
codemods = ["libcst (>=0.3.16)"]
dateutil = ["python-dateutil (>=1.4)"]
django = ["django (>=3.2)"]
dpcontracts = ["dpcontracts (>=0.4)"]
ghostwriter = ["black (>=19.10b0)"]
lark = ["lark-parser (>=0.6.5)"]
numpy = ["numpy (>=1.9.0)"]
pandas = ["pandas (>=1.0)"]
pytest = ["pytest (>=4.6)"]
pytz = ["pytz (>=2014.1)"]
redis = ["redis (>=3.0.0)"]
zoneinfo = ["backports.zoneinfo (>=0.2.1)", "tzdata (>=2022.2)"]

[[package]]
name = "iniconfig"
version = "1.1.1"
description = "iniconfig: brain-dead simple config-ini parsing"
category = "main"
optional = false
python-versions = "*"

[[package]]
name = "mccabe"
version = "0.7.0"
description = "McCabe checker, plugin for flake8"
category = "dev"
optional = false
python-versions = ">=3.6"

[[package]]
name = "packaging"
version = "21.3"
description = "Core utilities for Python packages"
category = "main"
optional = false
python-versions = ">=3.6"

[package.dependencies]
pyparsing = ">=2.0.2,<3.0.5 || >3.0.5"

[[package]]
name = "parsimonious"
version = "0.8.1"
description = "(Soon to be) the fastest pure-Python PEG parser I could muster"
category = "dev"
optional = false
python-versions = "*"

[package.dependencies]
six = ">=1.9.0"

[[package]]
name = "pluggy"
version = "1.0.0"
description = "plugin and hook calling mechanisms for python"
category = "main"
optional = false
python-versions = ">=3.6"

[package.extras]
testing = ["pytest-benchmark", "pytest"]
dev = ["tox", "pre-commit"]

[[package]]
name = "py"
version = "1.11.0"
description = "library with cross-python path, ini-parsing, io, code, log facilities"
category = "main"
optional = false
python-versions = ">=2.7, !=3.0.*, !=3.1.*, !=3.2.*, !=3.3.*, !=3.4.*"

[[package]]
name = "pycodestyle"
version = "2.9.1"
description = "Python style guide checker"
category = "dev"
optional = false
python-versions = ">=3.6"

[[package]]
name = "pydot"
version = "1.4.2"
description = "Python interface to Graphviz's Dot"
category = "main"
optional = false
python-versions = ">=2.7, !=3.0.*, !=3.1.*, !=3.2.*, !=3.3.*"

[package.dependencies]
pyparsing = ">=2.1.4"

[[package]]
name = "pyflakes"
version = "2.5.0"
description = "passive checker of Python programs"
category = "dev"
optional = false
python-versions = ">=3.6"

[[package]]
name = "pyparsing"
version = "3.0.9"
description = "pyparsing module - Classes and methods to define and execute parsing grammars"
category = "main"
optional = false
python-versions = ">=3.6.8"

[package.extras]
diagrams = ["railroad-diagrams", "jinja2"]

[[package]]
name = "pytest"
version = "6.2.5"
description = "pytest: simple powerful testing with Python"
category = "main"
optional = false
python-versions = ">=3.6"

[package.dependencies]
atomicwrites = {version = ">=1.0", markers = "sys_platform == \"win32\""}
attrs = ">=19.2.0"
colorama = {version = "*", markers = "sys_platform == \"win32\""}
iniconfig = "*"
packaging = "*"
pluggy = ">=0.12,<2.0"
py = ">=1.8.2"
toml = "*"

[package.extras]
testing = ["argcomplete", "hypothesis (>=3.56)", "mock", "nose", "requests", "xmlschema"]

[[package]]
name = "pytest-flake8"
version = "1.1.0"
description = "pytest plugin to check FLAKE8 requirements"
category = "dev"
optional = false
python-versions = "*"

[package.dependencies]
flake8 = ">=3.5"
pytest = ">=3.5"

[[package]]
name = "pytest-forked"
version = "1.4.0"
description = "run tests in isolated forked subprocesses"
category = "main"
optional = false
python-versions = ">=3.6"

[package.dependencies]
py = "*"
pytest = ">=3.10"

[[package]]
name = "pytest-sugar"
version = "0.9.5"
description = "pytest-sugar is a plugin for pytest that changes the default look and feel of pytest (e.g. progressbar, show tests that fail instantly)."
category = "dev"
optional = false
python-versions = "*"

[package.dependencies]
packaging = ">=14.1"
pytest = ">=2.9"
termcolor = ">=1.1.0"

[[package]]
name = "pytest-xdist"
version = "2.5.0"
description = "pytest xdist plugin for distributed testing and loop-on-failing modes"
category = "main"
optional = false
python-versions = ">=3.6"

[package.dependencies]
execnet = ">=1.1"
pytest = ">=6.2.0"
pytest-forked = "*"

[package.extras]
psutil = ["psutil (>=3.0)"]
setproctitle = ["setproctitle"]
testing = ["filelock"]

[[package]]
name = "six"
version = "1.16.0"
description = "Python 2 and 3 compatibility utilities"
category = "dev"
optional = false
python-versions = ">=2.7, !=3.0.*, !=3.1.*, !=3.2.*"

[[package]]
name = "sortedcontainers"
version = "2.4.0"
description = "Sorted Containers -- Sorted List, Sorted Dict, Sorted Set"
category = "dev"
optional = false
python-versions = "*"

[[package]]
name = "termcolor"
version = "2.0.1"
description = "ANSI color formatting for output in terminal"
category = "dev"
optional = false
python-versions = ">=3.7"

[package.extras]
tests = ["pytest-cov", "pytest"]

[[package]]
name = "toml"
version = "0.10.2"
description = "Python Library for Tom's Obvious, Minimal Language"
category = "main"
optional = false
python-versions = ">=2.6, !=3.0.*, !=3.1.*, !=3.2.*"

[extras]
draw = ["pydot"]

[metadata]
lock-version = "1.1"
python-versions = "^3.9"
content-hash = "ab10ea223506ed0d331241dbcb430114099c41501ca45888efd66d1c865bddcd"

[metadata.files]
atomicwrites = [
    {file = "atomicwrites-1.4.1.tar.gz", hash = "sha256:81b2c9071a49367a7f770170e5eec8cb66567cfbbc8c73d20ce5ca4a8d71cf11"},
]
attrs = [
    {file = "attrs-21.4.0-py2.py3-none-any.whl", hash = "sha256:2d27e3784d7a565d36ab851fe94887c5eccd6a463168875832a1be79c82828b4"},
    {file = "attrs-21.4.0.tar.gz", hash = "sha256:626ba8234211db98e869df76230a137c4c40a12d72445c45d5f5b716f076e2fd"},
]
bidict = [
    {file = "bidict-0.21.4-py3-none-any.whl", hash = "sha256:3ac67daa353ecf853a1df9d3e924f005e729227a60a8dbada31a4c31aba7f654"},
    {file = "bidict-0.21.4.tar.gz", hash = "sha256:42c84ffbe6f8de898af6073b4be9ea7ccedcd78d3474aa844c54e49d5a079f6f"},
]
bitarray = [
    {file = "bitarray-2.6.0-cp310-cp310-macosx_10_9_universal2.whl", hash = "sha256:b080eb25811db46306dfce58b4760df32f40bcf5551ebba3b7c8d3ec90d9b988"},
    {file = "bitarray-2.6.0-cp310-cp310-macosx_10_9_x86_64.whl", hash = "sha256:b0cfca1b5a57b540f4761b57de485196218733153c430d58f9e048e325c98b47"},
    {file = "bitarray-2.6.0-cp310-cp310-macosx_11_0_arm64.whl", hash = "sha256:6fa63a86aad0f45a27c7c5a27cd9b787fe9b1aed431f97f49ee8b834fa0780a0"},
    {file = "bitarray-2.6.0-cp310-cp310-manylinux_2_17_aarch64.manylinux2014_aarch64.whl", hash = "sha256:15d2a1c060a11fc5508715fef6177937614f9354dd3afe6a00e261775f8b0e8f"},
    {file = "bitarray-2.6.0-cp310-cp310-manylinux_2_17_ppc64le.manylinux2014_ppc64le.whl", hash = "sha256:4ffc076a0e22cda949ccd062f37ecc3dc53856c6e8bdfe07e1e81c411cf31621"},
    {file = "bitarray-2.6.0-cp310-cp310-manylinux_2_17_s390x.manylinux2014_s390x.whl", hash = "sha256:ecce266e24b21615a3ed234869be84bef492f6a34bb650d0e25dc3662c59bce4"},
    {file = "bitarray-2.6.0-cp310-cp310-manylinux_2_17_x86_64.manylinux2014_x86_64.whl", hash = "sha256:0399886ca8ead7d0f16f94545bda800467d6d9c63fbd4866ee7ede7981166ba8"},
    {file = "bitarray-2.6.0-cp310-cp310-manylinux_2_5_i686.manylinux1_i686.manylinux_2_17_i686.manylinux2014_i686.whl", hash = "sha256:f263b18fdb8bf42cd7cf9849d5863847d215024c68fe74cf33bcd82641d4376a"},
    {file = "bitarray-2.6.0-cp310-cp310-musllinux_1_1_aarch64.whl", hash = "sha256:119d503edf09bef37f2d0dc3b4a23c36c3c1e88e17701ab71388eb4780c046c7"},
    {file = "bitarray-2.6.0-cp310-cp310-musllinux_1_1_i686.whl", hash = "sha256:985a937218aa3d1ac7013174bfcbb1cb2f3157e17c6e349e83386f33459be1c0"},
    {file = "bitarray-2.6.0-cp310-cp310-musllinux_1_1_ppc64le.whl", hash = "sha256:d34673ebaf562347d004a465e16e2930c6568d196bb79d67fc6358f1213a1ac7"},
    {file = "bitarray-2.6.0-cp310-cp310-musllinux_1_1_s390x.whl", hash = "sha256:7126563c86f6b60d87414124f035ff0d29de02ad9e46ea085de2c772b0be1331"},
    {file = "bitarray-2.6.0-cp310-cp310-musllinux_1_1_x86_64.whl", hash = "sha256:76c4e3261d6370383b02018cb964b5d9260e3c62dea31949910e9cc3a1c802d2"},
    {file = "bitarray-2.6.0-cp310-cp310-win32.whl", hash = "sha256:346d2c5452cc024c41d267ba99e48d38783c1706c50c4632a4484cc57b152d0e"},
    {file = "bitarray-2.6.0-cp310-cp310-win_amd64.whl", hash = "sha256:b849a6cdd46608e7cc108c75e1265304e79488480a822bae7471e628f971a6f0"},
    {file = "bitarray-2.6.0-cp36-cp36m-macosx_10_9_x86_64.whl", hash = "sha256:d7bec01818c3a9d185f929cd36a82cc7acf13905920f7f595942105c5eef2300"},
    {file = "bitarray-2.6.0-cp36-cp36m-manylinux_2_17_aarch64.manylinux2014_aarch64.whl", hash = "sha256:5a0bb91363041b45523e5bcbc4153a5e1eb1ddb21e46fe1910340c0d095e1a8e"},
    {file = "bitarray-2.6.0-cp36-cp36m-manylinux_2_17_ppc64le.manylinux2014_ppc64le.whl", hash = "sha256:e7ba4c964a36fe198a8c4b5d08924709d4ed0337b65ae222b6503ed3442a46e8"},
    {file = "bitarray-2.6.0-cp36-cp36m-manylinux_2_17_s390x.manylinux2014_s390x.whl", hash = "sha256:a239313e75da37d1f6548d666d4dd8554c4a92dabed15741612855d186e86e72"},
    {file = "bitarray-2.6.0-cp36-cp36m-manylinux_2_17_x86_64.manylinux2014_x86_64.whl", hash = "sha256:f9c492644f70f80f8266748c18309a0d73c22c47903f4b62f3fb772a15a8fd5f"},
    {file = "bitarray-2.6.0-cp36-cp36m-manylinux_2_5_i686.manylinux1_i686.manylinux_2_17_i686.manylinux2014_i686.whl", hash = "sha256:0b756e5c771cdceb17622b6a0678fa78364e329d875de73a4f26bbacab8915a8"},
    {file = "bitarray-2.6.0-cp36-cp36m-musllinux_1_1_aarch64.whl", hash = "sha256:c24d4a1b5baa46920b801aa55c0e0a640c6e7683a73a941302e102e2bd11a830"},
    {file = "bitarray-2.6.0-cp36-cp36m-musllinux_1_1_i686.whl", hash = "sha256:f253b9bdf5abd039741a9594a681453c973b09dcb7edac9105961838675b7c6b"},
    {file = "bitarray-2.6.0-cp36-cp36m-musllinux_1_1_ppc64le.whl", hash = "sha256:f4849709571b1a53669798d23cc8430e677dcf0eea88610a0412e1911233899a"},
    {file = "bitarray-2.6.0-cp36-cp36m-musllinux_1_1_s390x.whl", hash = "sha256:67c5822f4bb6a419bc2f2dba9fa07b5646f0cda930bafa9e1130af6822e4bdf3"},
    {file = "bitarray-2.6.0-cp36-cp36m-musllinux_1_1_x86_64.whl", hash = "sha256:6071d12043300e50a4b7ba9caeeca92aac567bb4ac4a227709e3c77a3d788587"},
    {file = "bitarray-2.6.0-cp36-cp36m-win32.whl", hash = "sha256:12c96dedd6e4584fecc2bf5fbffe1c635bd516eee7ade7b839c35aeba84336b4"},
    {file = "bitarray-2.6.0-cp36-cp36m-win_amd64.whl", hash = "sha256:d53520b54206d8569b81eee56ccd9477af2f1b3ca355df9c48ee615a11e1a637"},
    {file = "bitarray-2.6.0-cp37-cp37m-macosx_10_9_x86_64.whl", hash = "sha256:7ae3b8b48167579066a17c5ba1631d089f931f4eae8b4359ad123807d5e75c51"},
    {file = "bitarray-2.6.0-cp37-cp37m-manylinux_2_17_aarch64.manylinux2014_aarch64.whl", hash = "sha256:24331bd2f52cd5410e48c132f486ed02a4ca3b96133fb26e3a8f50a57c354be6"},
    {file = "bitarray-2.6.0-cp37-cp37m-manylinux_2_17_ppc64le.manylinux2014_ppc64le.whl", hash = "sha256:742d43cbbc7267caae6379e2156a1fd8532332920a3d919b68c2982d439a98ba"},
    {file = "bitarray-2.6.0-cp37-cp37m-manylinux_2_17_s390x.manylinux2014_s390x.whl", hash = "sha256:1479f533eaff4080078b6e5d06b467868bd6edd73bb6651a295bf662d40afa62"},
    {file = "bitarray-2.6.0-cp37-cp37m-manylinux_2_17_x86_64.manylinux2014_x86_64.whl", hash = "sha256:ec18a0b97ea6b912ea57dc00a3f8f3ce515d774d00951d30e2ae243589d3d021"},
    {file = "bitarray-2.6.0-cp37-cp37m-manylinux_2_5_i686.manylinux1_i686.manylinux_2_17_i686.manylinux2014_i686.whl", hash = "sha256:e6bd32e492cdc740ec36b6725457685c9f2aa012dd8cbdae1643fed2b6821895"},
    {file = "bitarray-2.6.0-cp37-cp37m-musllinux_1_1_aarch64.whl", hash = "sha256:bfda0af4072df6e932ec510b72c461e1ec0ad0820a76df588cdfebf5a07f5b5d"},
    {file = "bitarray-2.6.0-cp37-cp37m-musllinux_1_1_i686.whl", hash = "sha256:d523ffef1927cb686ad787b25b2e98a5bd53e3c40673c394f07bf9b281e69796"},
    {file = "bitarray-2.6.0-cp37-cp37m-musllinux_1_1_ppc64le.whl", hash = "sha256:b0e4a6f5360e5f6c3a2b250c9e9cd539a9aabf0465dbedbaf364203e74ff101b"},
    {file = "bitarray-2.6.0-cp37-cp37m-musllinux_1_1_s390x.whl", hash = "sha256:5bd315ac63b62de5eefbfa07969162ffbda8e535c3b7b3d41b565d2a88817b71"},
    {file = "bitarray-2.6.0-cp37-cp37m-musllinux_1_1_x86_64.whl", hash = "sha256:d697cc38cb6fa9bae3b994dd3ce68552ffe69c453a3b6fd6a4f94bb8a8bfd70b"},
    {file = "bitarray-2.6.0-cp37-cp37m-win32.whl", hash = "sha256:c19e900b6f9df13c7f406f827c5643f83c0839a58d007b35a4d7df827601f740"},
    {file = "bitarray-2.6.0-cp37-cp37m-win_amd64.whl", hash = "sha256:878f16daa9c2062e4d29c1928b6f3eb50911726ad6d2006918a29ca6b38b5080"},
    {file = "bitarray-2.6.0-cp38-cp38-macosx_10_9_universal2.whl", hash = "sha256:565c4334cb410f5eb62280dcfb3a52629e60ce430f31dfa4bbef92ec80de4890"},
    {file = "bitarray-2.6.0-cp38-cp38-macosx_10_9_x86_64.whl", hash = "sha256:6d8ba8065d1b60da24d94078249cbf24a02d869d7dc9eba12db1fb513a375c79"},
    {file = "bitarray-2.6.0-cp38-cp38-macosx_11_0_arm64.whl", hash = "sha256:fc635b27939969d53cac53e8b8f860ea69fc98cc9867cac17dd193f41dc2a57f"},
    {file = "bitarray-2.6.0-cp38-cp38-manylinux_2_17_aarch64.manylinux2014_aarch64.whl", hash = "sha256:f853589426920d9bb3683f6b6cd11ce48d9d06a62c0b98ea4b82ebd8db3bddec"},
    {file = "bitarray-2.6.0-cp38-cp38-manylinux_2_17_ppc64le.manylinux2014_ppc64le.whl", hash = "sha256:076a72531bcca99114036c3714bac8124f5529b60fb6a6986067c6f345238c76"},
    {file = "bitarray-2.6.0-cp38-cp38-manylinux_2_17_s390x.manylinux2014_s390x.whl", hash = "sha256:874a222ece2100b3a3a8f08c57da3267a4e2219d26474a46937552992fcec771"},
    {file = "bitarray-2.6.0-cp38-cp38-manylinux_2_17_x86_64.manylinux2014_x86_64.whl", hash = "sha256:e6a4a4bf6fbc42b2674023ca58a47c86ee55c023a8af85420f266e86b10e7065"},
    {file = "bitarray-2.6.0-cp38-cp38-manylinux_2_5_i686.manylinux1_i686.manylinux_2_17_i686.manylinux2014_i686.whl", hash = "sha256:5f5df0377f3e7f1366e506c5295f08d3f8761e4a6381918931fc1d9594aa435e"},
    {file = "bitarray-2.6.0-cp38-cp38-musllinux_1_1_aarch64.whl", hash = "sha256:42a071c9db755f267e5d3b9909ea8c22fb071d27860dd940facfacffbde79de8"},
    {file = "bitarray-2.6.0-cp38-cp38-musllinux_1_1_i686.whl", hash = "sha256:36802129a3115023700c07725d981c74e23b0914551898f788e5a41aed2d63bf"},
    {file = "bitarray-2.6.0-cp38-cp38-musllinux_1_1_ppc64le.whl", hash = "sha256:c774328057a4b1fc48bee2dd5a60ee1e8e0ec112d29c4e6b9c550e1686b6db5c"},
    {file = "bitarray-2.6.0-cp38-cp38-musllinux_1_1_s390x.whl", hash = "sha256:763cac57692d07aa950b92c20f55ef66801955b71b4a1f4f48d5422d748c6dda"},
    {file = "bitarray-2.6.0-cp38-cp38-musllinux_1_1_x86_64.whl", hash = "sha256:11996c4da9c1ca9f97143e939af75c5b24ad0fdc2fa13aeb0007ebfa3c602caf"},
    {file = "bitarray-2.6.0-cp38-cp38-win32.whl", hash = "sha256:3f238127789c993de937178c3ff836d0fad4f2da08af9f579668873ac1332a42"},
    {file = "bitarray-2.6.0-cp38-cp38-win_amd64.whl", hash = "sha256:7f369872d551708d608e50a9ab8748d3d4f32a697dc5c2c37ff16cb8d7060210"},
    {file = "bitarray-2.6.0-cp39-cp39-macosx_10_9_universal2.whl", hash = "sha256:049e8f017b5b6d1763ababa156ca5cbdea8a01e20a1e80525b0fbe9fb839d695"},
    {file = "bitarray-2.6.0-cp39-cp39-macosx_10_9_x86_64.whl", hash = "sha256:035d3e5ab3c1afa2cd88bbc33af595b4875a24b0d037dfef907b41bc4b0dbe2b"},
    {file = "bitarray-2.6.0-cp39-cp39-macosx_11_0_arm64.whl", hash = "sha256:97609495479c5214c7b57173c17206ebb056507a8d26eebc17942d62f8f25944"},
    {file = "bitarray-2.6.0-cp39-cp39-manylinux_2_17_aarch64.manylinux2014_aarch64.whl", hash = "sha256:71cc3d1da4f682f27728745f21ed3447ee8f6a0019932126c422dd91278eb414"},
    {file = "bitarray-2.6.0-cp39-cp39-manylinux_2_17_ppc64le.manylinux2014_ppc64le.whl", hash = "sha256:6c3d0a4a6061adc3d3128e1e1146940d17df8cbfe3d77cb66a1df69ddcdf27d5"},
    {file = "bitarray-2.6.0-cp39-cp39-manylinux_2_17_s390x.manylinux2014_s390x.whl", hash = "sha256:6c46c2ba24a517f391c3ab9e7a214185f95146d0b664b4b0463ab31e5387669f"},
    {file = "bitarray-2.6.0-cp39-cp39-manylinux_2_17_x86_64.manylinux2014_x86_64.whl", hash = "sha256:f0302605b3bbc439083a400cf57d7464f1ac098c722309a03abaa7d97cd420b5"},
    {file = "bitarray-2.6.0-cp39-cp39-manylinux_2_5_i686.manylinux1_i686.manylinux_2_17_i686.manylinux2014_i686.whl", hash = "sha256:4d42fee0add2114e572b0cd6edefc4c52207874f58b70043f82faa8bb7141620"},
    {file = "bitarray-2.6.0-cp39-cp39-musllinux_1_1_aarch64.whl", hash = "sha256:5276c7247d350819d1dae385d8f78ebfb44ee90ff11a775f981d45cb366573e5"},
    {file = "bitarray-2.6.0-cp39-cp39-musllinux_1_1_i686.whl", hash = "sha256:e76642232db8330589ed1ac1cec0e9c3814c708521c336a5c79d39a5d8d8c206"},
    {file = "bitarray-2.6.0-cp39-cp39-musllinux_1_1_ppc64le.whl", hash = "sha256:1d0a2d896bcbcb5f32f60571ebd48349ec322dee5e137b342483108c5cbd0f03"},
    {file = "bitarray-2.6.0-cp39-cp39-musllinux_1_1_s390x.whl", hash = "sha256:8c811e59c86ce0a8515daf47db9c2484fd42e51bdb44581d7bcc9caad6c9a7a1"},
    {file = "bitarray-2.6.0-cp39-cp39-musllinux_1_1_x86_64.whl", hash = "sha256:febaf00e498230ce2e75dac910056f0e3a91c8631b7ceb6385bb39d448960bc5"},
    {file = "bitarray-2.6.0-cp39-cp39-win32.whl", hash = "sha256:2cfe1661b614314d67e6884e5e19e36957ff6faea5fcea7f25840dff95288248"},
    {file = "bitarray-2.6.0-cp39-cp39-win_amd64.whl", hash = "sha256:f37b5282b029d9f51454f8c580eb6a24e5dc140ef5866290afb20e607d2dce5f"},
    {file = "bitarray-2.6.0.tar.gz", hash = "sha256:56d3f16dd807b1c56732a244ce071c135ee973d3edc9929418c1b24c5439a0fd"},
]
colorama = [
    {file = "colorama-0.4.5-py2.py3-none-any.whl", hash = "sha256:854bf444933e37f5824ae7bfc1e98d5bce2ebe4160d46b5edf346a89358e99da"},
    {file = "colorama-0.4.5.tar.gz", hash = "sha256:e6c6b4334fc50988a639d9b98aa429a0b57da6e17b9a44f0451f930b6967b7a4"},
]
dill = [
    {file = "dill-0.3.5.1-py2.py3-none-any.whl", hash = "sha256:33501d03270bbe410c72639b350e941882a8b0fd55357580fbc873fba0c59302"},
    {file = "dill-0.3.5.1.tar.gz", hash = "sha256:d75e41f3eff1eee599d738e76ba8f4ad98ea229db8b085318aa2b3333a208c86"},
]
exceptiongroup = [
    {file = "exceptiongroup-1.0.0rc9-py3-none-any.whl", hash = "sha256:2e3c3fc1538a094aab74fad52d6c33fc94de3dfee3ee01f187c0e0c72aec5337"},
    {file = "exceptiongroup-1.0.0rc9.tar.gz", hash = "sha256:9086a4a21ef9b31c72181c77c040a074ba0889ee56a7b289ff0afb0d97655f96"},
]
execnet = [
    {file = "execnet-1.9.0-py2.py3-none-any.whl", hash = "sha256:a295f7cc774947aac58dde7fdc85f4aa00c42adf5d8f5468fc630c1acf30a142"},
    {file = "execnet-1.9.0.tar.gz", hash = "sha256:8f694f3ba9cc92cab508b152dcfe322153975c29bda272e2fd7f3f00f36e47c5"},
]
flake8 = [
    {file = "flake8-5.0.4-py2.py3-none-any.whl", hash = "sha256:7a1cf6b73744f5806ab95e526f6f0d8c01c66d7bbe349562d22dfca20610b248"},
    {file = "flake8-5.0.4.tar.gz", hash = "sha256:6fbe320aad8d6b95cec8b8e47bc933004678dc63095be98528b7bdd2a9f510db"},
]
funcy = [
    {file = "funcy-1.17-py2.py3-none-any.whl", hash = "sha256:ba7af5e58bfc69321aaf860a1547f18d35e145706b95d1b3c966abc4f0b60309"},
    {file = "funcy-1.17.tar.gz", hash = "sha256:40b9b9a88141ae6a174df1a95861f2b82f2fdc17669080788b73a3ed9370e968"},
]
hypothesis = [
    {file = "hypothesis-6.54.6-py3-none-any.whl", hash = "sha256:e44833325f9a55f795596ceefd7ede7d626cfe45836025d2647cccaff7070e10"},
    {file = "hypothesis-6.54.6.tar.gz", hash = "sha256:2d5e2d5ccd0efce4e0968a6164f4e4853f808e33f4d91490c975c98beec0c7c3"},
]
iniconfig = [
    {file = "iniconfig-1.1.1-py2.py3-none-any.whl", hash = "sha256:011e24c64b7f47f6ebd835bb12a743f2fbe9a26d4cecaa7f53bc4f35ee9da8b3"},
    {file = "iniconfig-1.1.1.tar.gz", hash = "sha256:bc3af051d7d14b2ee5ef9969666def0cd1a000e121eaea580d4a313df4b37f32"},
]
mccabe = [
    {file = "mccabe-0.7.0-py2.py3-none-any.whl", hash = "sha256:6c2d30ab6be0e4a46919781807b4f0d834ebdd6c6e3dca0bda5a15f863427b6e"},
    {file = "mccabe-0.7.0.tar.gz", hash = "sha256:348e0240c33b60bbdf4e523192ef919f28cb2c3d7d5c7794f74009290f236325"},
]
packaging = [
    {file = "packaging-21.3-py3-none-any.whl", hash = "sha256:ef103e05f519cdc783ae24ea4e2e0f508a9c99b2d4969652eed6a2e1ea5bd522"},
    {file = "packaging-21.3.tar.gz", hash = "sha256:dd47c42927d89ab911e606518907cc2d3a1f38bbd026385970643f9c5b8ecfeb"},
]
parsimonious = [
    {file = "parsimonious-0.8.1.tar.gz", hash = "sha256:3add338892d580e0cb3b1a39e4a1b427ff9f687858fdd61097053742391a9f6b"},
]
pluggy = [
    {file = "pluggy-1.0.0-py2.py3-none-any.whl", hash = "sha256:74134bbf457f031a36d68416e1509f34bd5ccc019f0bcc952c7b909d06b37bd3"},
    {file = "pluggy-1.0.0.tar.gz", hash = "sha256:4224373bacce55f955a878bf9cfa763c1e360858e330072059e10bad68531159"},
]
py = [
    {file = "py-1.11.0-py2.py3-none-any.whl", hash = "sha256:607c53218732647dff4acdfcd50cb62615cedf612e72d1724fb1a0cc6405b378"},
    {file = "py-1.11.0.tar.gz", hash = "sha256:51c75c4126074b472f746a24399ad32f6053d1b34b68d2fa41e558e6f4a98719"},
]
pycodestyle = [
    {file = "pycodestyle-2.9.1-py2.py3-none-any.whl", hash = "sha256:d1735fc58b418fd7c5f658d28d943854f8a849b01a5d0a1e6f3f3fdd0166804b"},
    {file = "pycodestyle-2.9.1.tar.gz", hash = "sha256:2c9607871d58c76354b697b42f5d57e1ada7d261c261efac224b664affdc5785"},
]
pydot = [
    {file = "pydot-1.4.2-py2.py3-none-any.whl", hash = "sha256:66c98190c65b8d2e2382a441b4c0edfdb4f4c025ef9cb9874de478fb0793a451"},
    {file = "pydot-1.4.2.tar.gz", hash = "sha256:248081a39bcb56784deb018977e428605c1c758f10897a339fce1dd728ff007d"},
]
pyflakes = [
    {file = "pyflakes-2.5.0-py2.py3-none-any.whl", hash = "sha256:4579f67d887f804e67edb544428f264b7b24f435b263c4614f384135cea553d2"},
    {file = "pyflakes-2.5.0.tar.gz", hash = "sha256:491feb020dca48ccc562a8c0cbe8df07ee13078df59813b83959cbdada312ea3"},
]
pyparsing = [
    {file = "pyparsing-3.0.9-py3-none-any.whl", hash = "sha256:5026bae9a10eeaefb61dab2f09052b9f4307d44aee4eda64b309723d8d206bbc"},
    {file = "pyparsing-3.0.9.tar.gz", hash = "sha256:2b020ecf7d21b687f219b71ecad3631f644a47f01403fa1d1036b0c6416d70fb"},
]
pytest = [
    {file = "pytest-6.2.5-py3-none-any.whl", hash = "sha256:7310f8d27bc79ced999e760ca304d69f6ba6c6649c0b60fb0e04a4a77cacc134"},
    {file = "pytest-6.2.5.tar.gz", hash = "sha256:131b36680866a76e6781d13f101efb86cf674ebb9762eb70d3082b6f29889e89"},
]
pytest-flake8 = [
    {file = "pytest-flake8-1.1.0.tar.gz", hash = "sha256:358d449ca06b80dbadcb43506cd3e38685d273b4968ac825da871bd4cc436202"},
    {file = "pytest_flake8-1.1.0-py2.py3-none-any.whl", hash = "sha256:f1b19dad0b9f0aa651d391c9527ebc20ac1a0f847aa78581094c747462bfa182"},
]
pytest-forked = [
    {file = "pytest-forked-1.4.0.tar.gz", hash = "sha256:8b67587c8f98cbbadfdd804539ed5455b6ed03802203485dd2f53c1422d7440e"},
    {file = "pytest_forked-1.4.0-py3-none-any.whl", hash = "sha256:bbbb6717efc886b9d64537b41fb1497cfaf3c9601276be8da2cccfea5a3c8ad8"},
]
pytest-sugar = [
    {file = "pytest-sugar-0.9.5.tar.gz", hash = "sha256:eea78b6f15b635277d3d90280cd386d8feea1cab0f9be75947a626e8b02b477d"},
    {file = "pytest_sugar-0.9.5-py2.py3-none-any.whl", hash = "sha256:3da42de32ce4e1e95b448d61c92804433f5d4058c0a765096991c2e93d5a289f"},
]
pytest-xdist = [
    {file = "pytest-xdist-2.5.0.tar.gz", hash = "sha256:4580deca3ff04ddb2ac53eba39d76cb5dd5edeac050cb6fbc768b0dd712b4edf"},
    {file = "pytest_xdist-2.5.0-py3-none-any.whl", hash = "sha256:6fe5c74fec98906deb8f2d2b616b5c782022744978e7bd4695d39c8f42d0ce65"},
]
six = [
    {file = "six-1.16.0-py2.py3-none-any.whl", hash = "sha256:8abb2f1d86890a2dfb989f9a77cfcfd3e47c2a354b01111771326f8aa26e0254"},
    {file = "six-1.16.0.tar.gz", hash = "sha256:1e61c37477a1626458e36f7b1d82aa5c9b094fa4802892072e49de9c60c4c926"},
]
sortedcontainers = [
    {file = "sortedcontainers-2.4.0-py2.py3-none-any.whl", hash = "sha256:a163dcaede0f1c021485e957a39245190e74249897e2ae4b2aa38595db237ee0"},
    {file = "sortedcontainers-2.4.0.tar.gz", hash = "sha256:25caa5a06cc30b6b83d11423433f65d1f9d76c4c6a0c90e3379eaa43b9bfdb88"},
]
termcolor = [
    {file = "termcolor-2.0.1-py3-none-any.whl", hash = "sha256:7e597f9de8e001a3208c4132938597413b9da45382b6f1d150cff8d062b7aaa3"},
    {file = "termcolor-2.0.1.tar.gz", hash = "sha256:6b2cf769e93364a2676e1de56a7c0cff2cf5bd07f37e9cc80b0dd6320ebfe388"},
]
toml = [
    {file = "toml-0.10.2-py2.py3-none-any.whl", hash = "sha256:806143ae5bfb6a3c6e736a764057db0e6a0e05e338b5630894a5f779cabb4f9b"},
    {file = "toml-0.10.2.tar.gz", hash = "sha256:b3bda1d108d5dd99f4a20d24d9c348e91c4db7ab1b749200bded2f839ccbe68f"},
]
